
Microsoft Visual Studio Solution File, Format Version 12.00
# Visual Studio Version 16
VisualStudioVersion = 16.0.31005.135
MinimumVisualStudioVersion = 10.0.40219.1
Project("{FAE04EC0-301F-11D3-BF4B-00C04F79EFBC}") = "day9-methods-aand-dlls", "day9-methods-aand-dlls.csproj", "{87551516-7244-4A6C-9328-74CDE961219A}"
EndProject
Global
	GlobalSection(SolutionConfigurationPlatforms) = preSolution
		Debug|Any CPU = Debug|Any CPU
		Release|Any CPU = Release|Any CPU
	EndGlobalSection
	GlobalSection(ProjectConfigurationPlatforms) = postSolution
		{87551516-7244-4A6C-9328-74CDE961219A}.Debug|Any CPU.ActiveCfg = Debug|Any CPU
		{87551516-7244-4A6C-9328-74CDE961219A}.Debug|Any CPU.Build.0 = Debug|Any CPU
		{87551516-7244-4A6C-9328-74CDE961219A}.Release|Any CPU.ActiveCfg = Release|Any CPU
		{87551516-7244-4A6C-9328-74CDE961219A}.Release|Any CPU.Build.0 = Release|Any CPU
	EndGlobalSection
	GlobalSection(SolutionProperties) = preSolution
		HideSolutionNode = FALSE
	EndGlobalSection
	GlobalSection(ExtensibilityGlobals) = postSolution
		SolutionGuid = {B2971816-38EC-4A42-BA91-77599631A50B}
	EndGlobalSection
EndGlobal
